# This file is automatically @generated by Cargo.
# It is not intended for manual editing.
version = 4

[[package]]
name = "arrayref"
version = "0.3.9"
source = "registry+https://github.com/rust-lang/crates.io-index"
checksum = "76a2e8124351fda1ef8aaaa3bbd7ebbcb486bbcd4225aca0aa0d84bb2db8fecb"

[[package]]
name = "five8_const"
version = "0.1.3"
source = "registry+https://github.com/rust-lang/crates.io-index"
checksum = "72b4f62f0f8ca357f93ae90c8c2dd1041a1f665fde2f889ea9b1787903829015"
dependencies = [
 "five8_core",
]

[[package]]
name = "five8_core"
version = "0.1.1"
source = "registry+https://github.com/rust-lang/crates.io-index"
checksum = "94474d15a76982be62ca8a39570dccce148d98c238ebb7408b0a21b2c4bdddc4"

[[package]]
name = "pinocchio"
version = "0.7.0"
source = "registry+https://github.com/rust-lang/crates.io-index"
checksum = "2999d06e0c7b659daa8d41d56d906c26531e551d22e49c044339024d3e195ebc"

[[package]]
name = "pinocchio-pubkey"
version = "0.2.2"
source = "registry+https://github.com/rust-lang/crates.io-index"
checksum = "103d69776a0c585bb01b344d641346593adb4496120796df229722a9bab2db68"
dependencies = [
 "five8_const",
 "pinocchio",
]

[[package]]
name = "pinocchio-system"
version = "0.2.1"
source = "registry+https://github.com/rust-lang/crates.io-index"
checksum = "691ec8989fcb86fba22f22deb3cae9d440dc174d1735dd785b172349e9cbbb8a"
dependencies = [
 "pinocchio",
 "pinocchio-pubkey",
]

[[package]]
name = "z0s-vault"
version = "0.1.0"
dependencies = [
 "arrayref",
 "pinocchio",
 "pinocchio-system",
]
